// !$*UTF8*$!
{
	archiveVersion = 1;
	classes = {
	};
	objectVersion = 51;
	objects = {

/* Begin PBXBuildFile section */
		7C5ED15A2536ADAA0059843A /* AppDelegate.swift in Sources */ = {isa = PBXBuildFile; fileRef = 7C5ED1592536ADAA0059843A /* AppDelegate.swift */; };
		7C5ED15C2536ADAA0059843A /* SceneDelegate.swift in Sources */ = {isa = PBXBuildFile; fileRef = 7C5ED15B2536ADAA0059843A /* SceneDelegate.swift */; };
		7C5ED15E2536ADAA0059843A /* WelcomeViewController.swift in Sources */ = {isa = PBXBuildFile; fileRef = 7C5ED15D2536ADAA0059843A /* WelcomeViewController.swift */; };
		7C5ED1612536ADAA0059843A /* Main.storyboard in Resources */ = {isa = PBXBuildFile; fileRef = 7C5ED15F2536ADAA0059843A /* Main.storyboard */; };
		7C5ED1632536ADAD0059843A /* Assets.xcassets in Resources */ = {isa = PBXBuildFile; fileRef = 7C5ED1622536ADAD0059843A /* Assets.xcassets */; };
		7C5ED1662536ADAD0059843A /* LaunchScreen.storyboard in Resources */ = {isa = PBXBuildFile; fileRef = 7C5ED1642536ADAD0059843A /* LaunchScreen.storyboard */; };
		7C5ED1792536AF3E0059843A /* RegisterViewController.swift in Sources */ = {isa = PBXBuildFile; fileRef = 7C5ED1782536AF3E0059843A /* RegisterViewController.swift */; };
		7C5ED17C2536AF4F0059843A /* LoginViewController.swift in Sources */ = {isa = PBXBuildFile; fileRef = 7C5ED17B2536AF4F0059843A /* LoginViewController.swift */; };
		7C5ED17F2536AF5E0059843A /* ChatViewController.swift in Sources */ = {isa = PBXBuildFile; fileRef = 7C5ED17E2536AF5E0059843A /* ChatViewController.swift */; };
		7CDBAF9F253BD9EF00399713 /* GoogleService-Info.plist in Resources */ = {isa = PBXBuildFile; fileRef = 7CDBAF9E253BD9EF00399713 /* GoogleService-Info.plist */; };
		8127EE900A3C2A79C2D04584 /* Pods_Chatter.framework in Frameworks */ = {isa = PBXBuildFile; fileRef = A0A5370DE991E0AA42D04EF7 /* Pods_Chatter.framework */; };
/* End PBXBuildFile section */

/* Begin PBXFileReference section */
		27A1002867599FACEAD23C4E /* Pods-Chatter.release.xcconfig */ = {isa = PBXFileReference; includeInIndex = 1; lastKnownFileType = text.xcconfig; name = "Pods-Chatter.release.xcconfig"; path = "Target Support Files/Pods-Chatter/Pods-Chatter.release.xcconfig"; sourceTree = "<group>"; };
		7105001D0096ABDEC2D8FF36 /* Pods-Chatter.debug.xcconfig */ = {isa = PBXFileReference; includeInIndex = 1; lastKnownFileType = text.xcconfig; name = "Pods-Chatter.debug.xcconfig"; path = "Target Support Files/Pods-Chatter/Pods-Chatter.debug.xcconfig"; sourceTree = "<group>"; };
		7C5ED1562536ADA90059843A /* Chatter.app */ = {isa = PBXFileReference; explicitFileType = wrapper.application; includeInIndex = 0; path = Chatter.app; sourceTree = BUILT_PRODUCTS_DIR; };
		7C5ED1592536ADAA0059843A /* AppDelegate.swift */ = {isa = PBXFileReference; lastKnownFileType = sourcecode.swift; path = AppDelegate.swift; sourceTree = "<group>"; };
		7C5ED15B2536ADAA0059843A /* SceneDelegate.swift */ = {isa = PBXFileReference; lastKnownFileType = sourcecode.swift; path = SceneDelegate.swift; sourceTree = "<group>"; };
		7C5ED15D2536ADAA0059843A /* WelcomeViewController.swift */ = {isa = PBXFileReference; lastKnownFileType = sourcecode.swift; path = WelcomeViewController.swift; sourceTree = "<group>"; };
		7C5ED1602536ADAA0059843A /* Base */ = {isa = PBXFileReference; lastKnownFileType = file.storyboard; name = Base; path = Base.lproj/Main.storyboard; sourceTree = "<group>"; };
		7C5ED1622536ADAD0059843A /* Assets.xcassets */ = {isa = PBXFileReference; lastKnownFileType = folder.assetcatalog; path = Assets.xcassets; sourceTree = "<group>"; };
		7C5ED1652536ADAD0059843A /* Base */ = {isa = PBXFileReference; lastKnownFileType = file.storyboard; name = Base; path = Base.lproj/LaunchScreen.storyboard; sourceTree = "<group>"; };
		7C5ED1672536ADAD0059843A /* Info.plist */ = {isa = PBXFileReference; lastKnownFileType = text.plist.xml; path = Info.plist; sourceTree = "<group>"; };
		7C5ED1782536AF3E0059843A /* RegisterViewController.swift */ = {isa = PBXFileReference; lastKnownFileType = sourcecode.swift; path = RegisterViewController.swift; sourceTree = "<group>"; };
		7C5ED17B2536AF4F0059843A /* LoginViewController.swift */ = {isa = PBXFileReference; lastKnownFileType = sourcecode.swift; path = LoginViewController.swift; sourceTree = "<group>"; };
		7C5ED17E2536AF5E0059843A /* ChatViewController.swift */ = {isa = PBXFileReference; lastKnownFileType = sourcecode.swift; path = ChatViewController.swift; sourceTree = "<group>"; };
		7CDBAF9E253BD9EF00399713 /* GoogleService-Info.plist */ = {isa = PBXFileReference; fileEncoding = 4; lastKnownFileType = text.plist.xml; path = "GoogleService-Info.plist"; sourceTree = "<group>"; };
		A0A5370DE991E0AA42D04EF7 /* Pods_Chatter.framework */ = {isa = PBXFileReference; explicitFileType = wrapper.framework; includeInIndex = 0; path = Pods_Chatter.framework; sourceTree = BUILT_PRODUCTS_DIR; };
/* End PBXFileReference section */

/* Begin PBXFrameworksBuildPhase section */
		7C5ED1532536ADA90059843A /* Frameworks */ = {
			isa = PBXFrameworksBuildPhase;
			buildActionMask = 2147483647;
			files = (
				8127EE900A3C2A79C2D04584 /* Pods_Chatter.framework in Frameworks */,
			);
			runOnlyForDeploymentPostprocessing = 0;
		};
/* End PBXFrameworksBuildPhase section */

/* Begin PBXGroup section */
		7C5ED14D2536ADA90059843A = {
			isa = PBXGroup;
			children = (
				7C5ED1582536ADA90059843A /* Chatter */,
				7C5ED1572536ADA90059843A /* Products */,
				9787EFE0790DE46E2F8F1489 /* Pods */,
				E1D1FAB92FBD702984FB0125 /* Frameworks */,
			);
			sourceTree = "<group>";
		};
		7C5ED1572536ADA90059843A /* Products */ = {
			isa = PBXGroup;
			children = (
				7C5ED1562536ADA90059843A /* Chatter.app */,
			);
			name = Products;
			sourceTree = "<group>";
		};
		7C5ED1582536ADA90059843A /* Chatter */ = {
			isa = PBXGroup;
			children = (
				7C5ED1592536ADAA0059843A /* AppDelegate.swift */,
				7C5ED15B2536ADAA0059843A /* SceneDelegate.swift */,
				7C5ED1762536AE930059843A /* Model */,
				7C5ED1752536AE7B0059843A /* Views */,
				7C5ED1732536AE530059843A /* Controllers */,
				7C5ED1622536ADAD0059843A /* Assets.xcassets */,
				7C5ED1642536ADAD0059843A /* LaunchScreen.storyboard */,
				7C5ED1672536ADAD0059843A /* Info.plist */,
				7CDBAF9E253BD9EF00399713 /* GoogleService-Info.plist */,
			);
			path = Chatter;
			sourceTree = "<group>";
		};
		7C5ED1732536AE530059843A /* Controllers */ = {
			isa = PBXGroup;
			children = (
				7C5ED15D2536ADAA0059843A /* WelcomeViewController.swift */,
				7C5ED1782536AF3E0059843A /* RegisterViewController.swift */,
				7C5ED17B2536AF4F0059843A /* LoginViewController.swift */,
				7C5ED17E2536AF5E0059843A /* ChatViewController.swift */,
			);
			path = Controllers;
			sourceTree = "<group>";
		};
		7C5ED1752536AE7B0059843A /* Views */ = {
			isa = PBXGroup;
			children = (
				7C5ED15F2536ADAA0059843A /* Main.storyboard */,
			);
			path = Views;
			sourceTree = "<group>";
		};
		7C5ED1762536AE930059843A /* Model */ = {
			isa = PBXGroup;
			children = (
			);
			path = Model;
			sourceTree = "<group>";
		};
		9787EFE0790DE46E2F8F1489 /* Pods */ = {
			isa = PBXGroup;
			children = (
				7105001D0096ABDEC2D8FF36 /* Pods-Chatter.debug.xcconfig */,
				27A1002867599FACEAD23C4E /* Pods-Chatter.release.xcconfig */,
			);
			path = Pods;
			sourceTree = "<group>";
		};
		E1D1FAB92FBD702984FB0125 /* Frameworks */ = {
			isa = PBXGroup;
			children = (
				A0A5370DE991E0AA42D04EF7 /* Pods_Chatter.framework */,
			);
			name = Frameworks;
			sourceTree = "<group>";
		};
/* End PBXGroup section */

/* Begin PBXNativeTarget section */
		7C5ED1552536ADA90059843A /* Chatter */ = {
			isa = PBXNativeTarget;
			buildConfigurationList = 7C5ED16A2536ADAD0059843A /* Build configuration list for PBXNativeTarget "Chatter" */;
			buildPhases = (
				9794857EE22410EDAF12ABAD /* [CP] Check Pods Manifest.lock */,
				7C5ED1522536ADA90059843A /* Sources */,
				7C5ED1532536ADA90059843A /* Frameworks */,
				7C5ED1542536ADA90059843A /* Resources */,
				A87CA136466C60610A28B077 /* [CP] Embed Pods Frameworks */,
			);
			buildRules = (
			);
			dependencies = (
			);
			name = Chatter;
			productName = Chatter;
			productReference = 7C5ED1562536ADA90059843A /* Chatter.app */;
			productType = "com.apple.product-type.application";
		};
/* End PBXNativeTarget section */

/* Begin PBXProject section */
		7C5ED14E2536ADA90059843A /* Project object */ = {
			isa = PBXProject;
			attributes = {
				LastSwiftUpdateCheck = 1200;
				LastUpgradeCheck = 1200;
				TargetAttributes = {
					7C5ED1552536ADA90059843A = {
						CreatedOnToolsVersion = 12.0.1;
					};
				};
			};
			buildConfigurationList = 7C5ED1512536ADA90059843A /* Build configuration list for PBXProject "Chatter" */;
			compatibilityVersion = "Xcode 9.3";
			developmentRegion = en;
			hasScannedForEncodings = 0;
			knownRegions = (
				en,
				Base,
			);
			mainGroup = 7C5ED14D2536ADA90059843A;
			productRefGroup = 7C5ED1572536ADA90059843A /* Products */;
			projectDirPath = "";
			projectRoot = "";
			targets = (
				7C5ED1552536ADA90059843A /* Chatter */,
			);
		};
/* End PBXProject section */

/* Begin PBXResourcesBuildPhase section */
		7C5ED1542536ADA90059843A /* Resources */ = {
			isa = PBXResourcesBuildPhase;
			buildActionMask = 2147483647;
			files = (
				7C5ED1662536ADAD0059843A /* LaunchScreen.storyboard in Resources */,
				7CDBAF9F253BD9EF00399713 /* GoogleService-Info.plist in Resources */,
				7C5ED1632536ADAD0059843A /* Assets.xcassets in Resources */,
				7C5ED1612536ADAA0059843A /* Main.storyboard in Resources */,
			);
			runOnlyForDeploymentPostprocessing = 0;
		};
/* End PBXResourcesBuildPhase section */

/* Begin PBXShellScriptBuildPhase section */
		9794857EE22410EDAF12ABAD /* [CP] Check Pods Manifest.lock */ = {
			isa = PBXShellScriptBuildPhase;
			buildActionMask = 2147483647;
			files = (
			);
			inputFileListPaths = (
			);
			inputPaths = (
				"${PODS_PODFILE_DIR_PATH}/Podfile.lock",
				"${PODS_ROOT}/Manifest.lock",
			);
			name = "[CP] Check Pods Manifest.lock";
			outputFileListPaths = (
			);
			outputPaths = (
				"$(DERIVED_FILE_DIR)/Pods-Chatter-checkManifestLockResult.txt",
			);
			runOnlyForDeploymentPostprocessing = 0;
			shellPath = /bin/sh;
			shellScript = "diff \"${PODS_PODFILE_DIR_PATH}/Podfile.lock\" \"${PODS_ROOT}/Manifest.lock\" > /dev/null\nif [ $? != 0 ] ; then\n    # print error to STDERR\n    echo \"error: The sandbox is not in sync with the Podfile.lock. Run 'pod install' or update your CocoaPods installation.\" >&2\n    exit 1\nfi\n# This output is used by Xcode 'outputs' to avoid re-running this script phase.\necho \"SUCCESS\" > \"${SCRIPT_OUTPUT_FILE_0}\"\n";
			showEnvVarsInLog = 0;
		};
		A87CA136466C60610A28B077 /* [CP] Embed Pods Frameworks */ = {
			isa = PBXShellScriptBuildPhase;
			buildActionMask = 2147483647;
			files = (
			);
			inputFileListPaths = (
				"${PODS_ROOT}/Target Support Files/Pods-Chatter/Pods-Chatter-frameworks-${CONFIGURATION}-input-files.xcfilelist",
			);
			name = "[CP] Embed Pods Frameworks";
			outputFileListPaths = (
				"${PODS_ROOT}/Target Support Files/Pods-Chatter/Pods-Chatter-frameworks-${CONFIGURATION}-output-files.xcfilelist",
			);
			runOnlyForDeploymentPostprocessing = 0;
			shellPath = /bin/sh;
			shellScript = "\"${PODS_ROOT}/Target Support Files/Pods-Chatter/Pods-Chatter-frameworks.sh\"\n";
			showEnvVarsInLog = 0;
		};
/* End PBXShellScriptBuildPhase section */

/* Begin PBXSourcesBuildPhase section */
		7C5ED1522536ADA90059843A /* Sources */ = {
			isa = PBXSourcesBuildPhase;
			buildActionMask = 2147483647;
			files = (
				7C5ED15E2536ADAA0059843A /* WelcomeViewController.swift in Sources */,
				7C5ED15A2536ADAA0059843A /* AppDelegate.swift in Sources */,
				7C5ED15C2536ADAA0059843A /* SceneDelegate.swift in Sources */,
				7C5ED17C2536AF4F0059843A /* LoginViewController.swift in Sources */,
				7C5ED17F2536AF5E0059843A /* ChatViewController.swift in Sources */,
				7C5ED1792536AF3E0059843A /* RegisterViewController.swift in Sources */,
			);
			runOnlyForDeploymentPostprocessing = 0;
		};
/* End PBXSourcesBuildPhase section */

/* Begin PBXVariantGroup section */
		7C5ED15F2536ADAA0059843A /* Main.storyboard */ = {
			isa = PBXVariantGroup;
			children = (
				7C5ED1602536ADAA0059843A /* Base */,
			);
			name = Main.storyboard;
			sourceTree = "<group>";
		};
		7C5ED1642536ADAD0059843A /* LaunchScreen.storyboard */ = {
			isa = PBXVariantGroup;
			children = (
				7C5ED1652536ADAD0059843A /* Base */,
			);
			name = LaunchScreen.storyboard;
			sourceTree = "<group>";
		};
/* End PBXVariantGroup section */

/* Begin XCBuildConfiguration section */
		7C5ED1682536ADAD0059843A /* Debug */ = {
			isa = XCBuildConfiguration;
			buildSettings = {
				ALWAYS_SEARCH_USER_PATHS = NO;
				CLANG_ANALYZER_NONNULL = YES;
				CLANG_ANALYZER_NUMBER_OBJECT_CONVERSION = YES_AGGRESSIVE;
				CLANG_CXX_LANGUAGE_STANDARD = "gnu++14";
				CLANG_CXX_LIBRARY = "libc++";
				CLANG_ENABLE_MODULES = YES;
				CLANG_ENABLE_OBJC_ARC = YES;
				CLANG_ENABLE_OBJC_WEAK = YES;
				CLANG_WARN_BLOCK_CAPTURE_AUTORELEASING = YES;
				CLANG_WARN_BOOL_CONVERSION = YES;
				CLANG_WARN_COMMA = YES;
				CLANG_WARN_CONSTANT_CONVERSION = YES;
				CLANG_WARN_DEPRECATED_OBJC_IMPLEMENTATIONS = YES;
				CLANG_WARN_DIRECT_OBJC_ISA_USAGE = YES_ERROR;
				CLANG_WARN_DOCUMENTATION_COMMENTS = YES;
				CLANG_WARN_EMPTY_BODY = YES;
				CLANG_WARN_ENUM_CONVERSION = YES;
				CLANG_WARN_INFINITE_RECURSION = YES;
				CLANG_WARN_INT_CONVERSION = YES;
				CLANG_WARN_NON_LITERAL_NULL_CONVERSION = YES;
				CLANG_WARN_OBJC_IMPLICIT_RETAIN_SELF = YES;
				CLANG_WARN_OBJC_LITERAL_CONVERSION = YES;
				CLANG_WARN_OBJC_ROOT_CLASS = YES_ERROR;
				CLANG_WARN_QUOTED_INCLUDE_IN_FRAMEWORK_HEADER = YES;
				CLANG_WARN_RANGE_LOOP_ANALYSIS = YES;
				CLANG_WARN_STRICT_PROTOTYPES = YES;
				CLANG_WARN_SUSPICIOUS_MOVE = YES;
				CLANG_WARN_UNGUARDED_AVAILABILITY = YES_AGGRESSIVE;
				CLANG_WARN_UNREACHABLE_CODE = YES;
				CLANG_WARN__DUPLICATE_METHOD_MATCH = YES;
				COPY_PHASE_STRIP = NO;
				DEBUG_INFORMATION_FORMAT = dwarf;
				ENABLE_STRICT_OBJC_MSGSEND = YES;
				ENABLE_TESTABILITY = YES;
				GCC_C_LANGUAGE_STANDARD = gnu11;
				GCC_DYNAMIC_NO_PIC = NO;
				GCC_NO_COMMON_BLOCKS = YES;
				GCC_OPTIMIZATION_LEVEL = 0;
				GCC_PREPROCESSOR_DEFINITIONS = (
					"DEBUG=1",
					"$(inherited)",
				);
				GCC_WARN_64_TO_32_BIT_CONVERSION = YES;
				GCC_WARN_ABOUT_RETURN_TYPE = YES_ERROR;
				GCC_WARN_UNDECLARED_SELECTOR = YES;
				GCC_WARN_UNINITIALIZED_AUTOS = YES_AGGRESSIVE;
				GCC_WARN_UNUSED_FUNCTION = YES;
				GCC_WARN_UNUSED_VARIABLE = YES;
				IPHONEOS_DEPLOYMENT_TARGET = 14.0;
				MTL_ENABLE_DEBUG_INFO = INCLUDE_SOURCE;
				MTL_FAST_MATH = YES;
				ONLY_ACTIVE_ARCH = YES;
				SDKROOT = iphoneos;
				SWIFT_ACTIVE_COMPILATION_CONDITIONS = DEBUG;
				SWIFT_OPTIMIZATION_LEVEL = "-Onone";
			};
			name = Debug;
		};
		7C5ED1692536ADAD0059843A /* Release */ = {
			isa = XCBuildConfiguration;
			buildSettings = {
				ALWAYS_SEARCH_USER_PATHS = NO;
				CLANG_ANALYZER_NONNULL = YES;
				CLANG_ANALYZER_NUMBER_OBJECT_CONVERSION = YES_AGGRESSIVE;
				CLANG_CXX_LANGUAGE_STANDARD = "gnu++14";
				CLANG_CXX_LIBRARY = "libc++";
				CLANG_ENABLE_MODULES = YES;
				CLANG_ENABLE_OBJC_ARC = YES;
				CLANG_ENABLE_OBJC_WEAK = YES;
				CLANG_WARN_BLOCK_CAPTURE_AUTORELEASING = YES;
				CLANG_WARN_BOOL_CONVERSION = YES;
				CLANG_WARN_COMMA = YES;
				CLANG_WARN_CONSTANT_CONVERSION = YES;
				CLANG_WARN_DEPRECATED_OBJC_IMPLEMENTATIONS = YES;
				CLANG_WARN_DIRECT_OBJC_ISA_USAGE = YES_ERROR;
				CLANG_WARN_DOCUMENTATION_COMMENTS = YES;
				CLANG_WARN_EMPTY_BODY = YES;
				CLANG_WARN_ENUM_CONVERSION = YES;
				CLANG_WARN_INFINITE_RECURSION = YES;
				CLANG_WARN_INT_CONVERSION = YES;
				CLANG_WARN_NON_LITERAL_NULL_CONVERSION = YES;
				CLANG_WARN_OBJC_IMPLICIT_RETAIN_SELF = YES;
				CLANG_WARN_OBJC_LITERAL_CONVERSION = YES;
				CLANG_WARN_OBJC_ROOT_CLASS = YES_ERROR;
				CLANG_WARN_QUOTED_INCLUDE_IN_FRAMEWORK_HEADER = YES;
				CLANG_WARN_RANGE_LOOP_ANALYSIS = YES;
				CLANG_WARN_STRICT_PROTOTYPES = YES;
				CLANG_WARN_SUSPICIOUS_MOVE = YES;
				CLANG_WARN_UNGUARDED_AVAILABILITY = YES_AGGRESSIVE;
				CLANG_WARN_UNREACHABLE_CODE = YES;
				CLANG_WARN__DUPLICATE_METHOD_MATCH = YES;
				COPY_PHASE_STRIP = NO;
				DEBUG_INFORMATION_FORMAT = "dwarf-with-dsym";
				ENABLE_NS_ASSERTIONS = NO;
				ENABLE_STRICT_OBJC_MSGSEND = YES;
				GCC_C_LANGUAGE_STANDARD = gnu11;
				GCC_NO_COMMON_BLOCKS = YES;
				GCC_WARN_64_TO_32_BIT_CONVERSION = YES;
				GCC_WARN_ABOUT_RETURN_TYPE = YES_ERROR;
				GCC_WARN_UNDECLARED_SELECTOR = YES;
				GCC_WARN_UNINITIALIZED_AUTOS = YES_AGGRESSIVE;
				GCC_WARN_UNUSED_FUNCTION = YES;
				GCC_WARN_UNUSED_VARIABLE = YES;
				IPHONEOS_DEPLOYMENT_TARGET = 14.0;
				MTL_ENABLE_DEBUG_INFO = NO;
				MTL_FAST_MATH = YES;
				SDKROOT = iphoneos;
				SWIFT_COMPILATION_MODE = wholemodule;
				SWIFT_OPTIMIZATION_LEVEL = "-O";
				VALIDATE_PRODUCT = YES;
			};
			name = Release;
		};
		7C5ED16B2536ADAD0059843A /* Debug */ = {
			isa = XCBuildConfiguration;
			baseConfigurationReference = 7105001D0096ABDEC2D8FF36 /* Pods-Chatter.debug.xcconfig */;
			buildSettings = {
				ASSETCATALOG_COMPILER_APPICON_NAME = AppIcon;
				ASSETCATALOG_COMPILER_GLOBAL_ACCENT_COLOR_NAME = AccentColor;
				CODE_SIGN_STYLE = Automatic;
				DEVELOPMENT_TEAM = QHQX52AD49;
				INFOPLIST_FILE = Chatter/Info.plist;
				LD_RUNPATH_SEARCH_PATHS = (
					"$(inherited)",
					"@executable_path/Frameworks",
				);
				PRODUCT_BUNDLE_IDENTIFIER = com.NicholasRepaci.Chatter;
				PRODUCT_NAME = "$(TARGET_NAME)";
				SWIFT_VERSION = 5.0;
				TARGETED_DEVICE_FAMILY = "1,2";
			};
			name = Debug;
		};
		7C5ED16C2536ADAD0059843A /* Release */ = {
			isa = XCBuildConfiguration;
			baseConfigurationReference = 27A1002867599FACEAD23C4E /* Pods-Chatter.release.xcconfig */;
			buildSettings = {
				ASSETCATALOG_COMPILER_APPICON_NAME = AppIcon;
				ASSETCATALOG_COMPILER_GLOBAL_ACCENT_COLOR_NAME = AccentColor;
				CODE_SIGN_STYLE = Automatic;
				DEVELOPMENT_TEAM = QHQX52AD49;
				INFOPLIST_FILE = Chatter/Info.plist;
				LD_RUNPATH_SEARCH_PATHS = (
					"$(inherited)",
					"@executable_path/Frameworks",
				);
				PRODUCT_BUNDLE_IDENTIFIER = com.NicholasRepaci.Chatter;
				PRODUCT_NAME = "$(TARGET_NAME)";
				SWIFT_VERSION = 5.0;
				TARGETED_DEVICE_FAMILY = "1,2";
			};
			name = Release;
		};
/* End XCBuildConfiguration section */

/* Begin XCConfigurationList section */
		7C5ED1512536ADA90059843A /* Build configuration list for PBXProject "Chatter" */ = {
			isa = XCConfigurationList;
			buildConfigurations = (
				7C5ED1682536ADAD0059843A /* Debug */,
				7C5ED1692536ADAD0059843A /* Release */,
			);
			defaultConfigurationIsVisible = 0;
			defaultConfigurationName = Release;
		};
		7C5ED16A2536ADAD0059843A /* Build configuration list for PBXNativeTarget "Chatter" */ = {
			isa = XCConfigurationList;
			buildConfigurations = (
				7C5ED16B2536ADAD0059843A /* Debug */,
				7C5ED16C2536ADAD0059843A /* Release */,
			);
			defaultConfigurationIsVisible = 0;
			defaultConfigurationName = Release;
		};
/* End XCConfigurationList section */
	};
	rootObject = 7C5ED14E2536ADA90059843A /* Project object */;
}
